// !$*UTF8*$!
{
	archiveVersion = 1;
	classes = {
	};
	objectVersion = 56;
	objects = {

/* Begin PBXBuildFile section */
		D1C3DA892C33412B002687A5 /* RecipesApp.swift in Sources */ = {isa = PBXBuildFile; fileRef = D1C3DA882C33412B002687A5 /* RecipesApp.swift */; };
		D1C3DA8B2C33412B002687A5 /* ContentView.swift in Sources */ = {isa = PBXBuildFile; fileRef = D1C3DA8A2C33412B002687A5 /* ContentView.swift */; };
		D1C3DA8D2C33412D002687A5 /* Assets.xcassets in Resources */ = {isa = PBXBuildFile; fileRef = D1C3DA8C2C33412D002687A5 /* Assets.xcassets */; };
		D1C3DA912C33412D002687A5 /* Preview Assets.xcassets in Resources */ = {isa = PBXBuildFile; fileRef = D1C3DA902C33412D002687A5 /* Preview Assets.xcassets */; };
		D1C3DA9B2C33412E002687A5 /* RecipesTests.swift in Sources */ = {isa = PBXBuildFile; fileRef = D1C3DA9A2C33412E002687A5 /* RecipesTests.swift */; };
		D1C3DAA52C33412E002687A5 /* RecipesUITests.swift in Sources */ = {isa = PBXBuildFile; fileRef = D1C3DAA42C33412E002687A5 /* RecipesUITests.swift */; };
		D1C3DAA72C33412E002687A5 /* RecipesUITestsLaunchTests.swift in Sources */ = {isa = PBXBuildFile; fileRef = D1C3DAA62C33412E002687A5 /* RecipesUITestsLaunchTests.swift */; };
		D1C3DAC12C3342FC002687A5 /* APIservice.swift in Sources */ = {isa = PBXBuildFile; fileRef = D1C3DAC02C3342FC002687A5 /* APIservice.swift */; };
		D1C3DAC62C337958002687A5 /* Meal.swift in Sources */ = {isa = PBXBuildFile; fileRef = D1C3DAC52C337958002687A5 /* Meal.swift */; };
		D1C3DAC82C337976002687A5 /* MealDetail.swift in Sources */ = {isa = PBXBuildFile; fileRef = D1C3DAC72C337976002687A5 /* MealDetail.swift */; };
		D1C3DACA2C33799B002687A5 /* RecipeViewModel.swift in Sources */ = {isa = PBXBuildFile; fileRef = D1C3DAC92C33799B002687A5 /* RecipeViewModel.swift */; };
		D1C3DACC2C3379B5002687A5 /* MealListView.swift in Sources */ = {isa = PBXBuildFile; fileRef = D1C3DACB2C3379B5002687A5 /* MealListView.swift */; };
		D1C3DACE2C3379D2002687A5 /* MealDetailView.swift in Sources */ = {isa = PBXBuildFile; fileRef = D1C3DACD2C3379D2002687A5 /* MealDetailView.swift */; };
		D1C3DAD02C3387CC002687A5 /* Readme.md in Resources */ = {isa = PBXBuildFile; fileRef = D1C3DACF2C3387CC002687A5 /* Readme.md */; };
/* End PBXBuildFile section */

/* Begin PBXContainerItemProxy section */
		D1C3DA972C33412E002687A5 /* PBXContainerItemProxy */ = {
			isa = PBXContainerItemProxy;
			containerPortal = D1C3DA7D2C33412B002687A5 /* Project object */;
			proxyType = 1;
			remoteGlobalIDString = D1C3DA842C33412B002687A5;
			remoteInfo = Recipes;
		};
		D1C3DAA12C33412E002687A5 /* PBXContainerItemProxy */ = {
			isa = PBXContainerItemProxy;
			containerPortal = D1C3DA7D2C33412B002687A5 /* Project object */;
			proxyType = 1;
			remoteGlobalIDString = D1C3DA842C33412B002687A5;
			remoteInfo = Recipes;
		};
/* End PBXContainerItemProxy section */

/* Begin PBXFileReference section */
		D1C3DA852C33412B002687A5 /* Recipes.app */ = {isa = PBXFileReference; explicitFileType = wrapper.application; includeInIndex = 0; path = Recipes.app; sourceTree = BUILT_PRODUCTS_DIR; };
		D1C3DA882C33412B002687A5 /* RecipesApp.swift */ = {isa = PBXFileReference; lastKnownFileType = sourcecode.swift; path = RecipesApp.swift; sourceTree = "<group>"; };
		D1C3DA8A2C33412B002687A5 /* ContentView.swift */ = {isa = PBXFileReference; lastKnownFileType = sourcecode.swift; path = ContentView.swift; sourceTree = "<group>"; };
		D1C3DA8C2C33412D002687A5 /* Assets.xcassets */ = {isa = PBXFileReference; lastKnownFileType = folder.assetcatalog; path = Assets.xcassets; sourceTree = "<group>"; };
		D1C3DA8E2C33412D002687A5 /* Recipes.entitlements */ = {isa = PBXFileReference; lastKnownFileType = text.plist.entitlements; path = Recipes.entitlements; sourceTree = "<group>"; };
		D1C3DA902C33412D002687A5 /* Preview Assets.xcassets */ = {isa = PBXFileReference; lastKnownFileType = folder.assetcatalog; path = "Preview Assets.xcassets"; sourceTree = "<group>"; };
		D1C3DA962C33412E002687A5 /* RecipesTests.xctest */ = {isa = PBXFileReference; explicitFileType = wrapper.cfbundle; includeInIndex = 0; path = RecipesTests.xctest; sourceTree = BUILT_PRODUCTS_DIR; };
		D1C3DA9A2C33412E002687A5 /* RecipesTests.swift */ = {isa = PBXFileReference; lastKnownFileType = sourcecode.swift; path = RecipesTests.swift; sourceTree = "<group>"; };
		D1C3DAA02C33412E002687A5 /* RecipesUITests.xctest */ = {isa = PBXFileReference; explicitFileType = wrapper.cfbundle; includeInIndex = 0; path = RecipesUITests.xctest; sourceTree = BUILT_PRODUCTS_DIR; };
		D1C3DAA42C33412E002687A5 /* RecipesUITests.swift */ = {isa = PBXFileReference; lastKnownFileType = sourcecode.swift; path = RecipesUITests.swift; sourceTree = "<group>"; };
		D1C3DAA62C33412E002687A5 /* RecipesUITestsLaunchTests.swift */ = {isa = PBXFileReference; lastKnownFileType = sourcecode.swift; path = RecipesUITestsLaunchTests.swift; sourceTree = "<group>"; };
		D1C3DAC02C3342FC002687A5 /* APIservice.swift */ = {isa = PBXFileReference; lastKnownFileType = sourcecode.swift; path = APIservice.swift; sourceTree = "<group>"; };
		D1C3DAC52C337958002687A5 /* Meal.swift */ = {isa = PBXFileReference; lastKnownFileType = sourcecode.swift; path = Meal.swift; sourceTree = "<group>"; };
		D1C3DAC72C337976002687A5 /* MealDetail.swift */ = {isa = PBXFileReference; lastKnownFileType = sourcecode.swift; path = MealDetail.swift; sourceTree = "<group>"; };
		D1C3DAC92C33799B002687A5 /* RecipeViewModel.swift */ = {isa = PBXFileReference; lastKnownFileType = sourcecode.swift; path = RecipeViewModel.swift; sourceTree = "<group>"; };
		D1C3DACB2C3379B5002687A5 /* MealListView.swift */ = {isa = PBXFileReference; lastKnownFileType = sourcecode.swift; path = MealListView.swift; sourceTree = "<group>"; };
		D1C3DACD2C3379D2002687A5 /* MealDetailView.swift */ = {isa = PBXFileReference; lastKnownFileType = sourcecode.swift; path = MealDetailView.swift; sourceTree = "<group>"; };
		D1C3DACF2C3387CC002687A5 /* Readme.md */ = {isa = PBXFileReference; lastKnownFileType = net.daringfireball.markdown; path = Readme.md; sourceTree = "<group>"; };
/* End PBXFileReference section */

/* Begin PBXFrameworksBuildPhase section */
		D1C3DA822C33412B002687A5 /* Frameworks */ = {
			isa = PBXFrameworksBuildPhase;
			buildActionMask = 2147483647;
			files = (
			);
			runOnlyForDeploymentPostprocessing = 0;
		};
		D1C3DA932C33412E002687A5 /* Frameworks */ = {
			isa = PBXFrameworksBuildPhase;
			buildActionMask = 2147483647;
			files = (
			);
			runOnlyForDeploymentPostprocessing = 0;
		};
		D1C3DA9D2C33412E002687A5 /* Frameworks */ = {
			isa = PBXFrameworksBuildPhase;
			buildActionMask = 2147483647;
			files = (
			);
			runOnlyForDeploymentPostprocessing = 0;
		};
/* End PBXFrameworksBuildPhase section */

/* Begin PBXGroup section */
		D1C3DA7C2C33412B002687A5 = {
			isa = PBXGroup;
			children = (
				D1C3DACF2C3387CC002687A5 /* Readme.md */,
				D1C3DAB62C334263002687A5 /* Services */,
				D1C3DAB52C334258002687A5 /* View */,
				D1C3DAB42C33424C002687A5 /* ViewModel */,
				D1C3DAB32C334240002687A5 /* Model */,
				D1C3DA872C33412B002687A5 /* Recipes */,
				D1C3DA992C33412E002687A5 /* RecipesTests */,
				D1C3DAA32C33412E002687A5 /* RecipesUITests */,
				D1C3DA862C33412B002687A5 /* Products */,
			);
			sourceTree = "<group>";
		};
		D1C3DA862C33412B002687A5 /* Products */ = {
			isa = PBXGroup;
			children = (
				D1C3DA852C33412B002687A5 /* Recipes.app */,
				D1C3DA962C33412E002687A5 /* RecipesTests.xctest */,
				D1C3DAA02C33412E002687A5 /* RecipesUITests.xctest */,
			);
			name = Products;
			sourceTree = "<group>";
		};
		D1C3DA872C33412B002687A5 /* Recipes */ = {
			isa = PBXGroup;
			children = (
				D1C3DA882C33412B002687A5 /* RecipesApp.swift */,
				D1C3DA8A2C33412B002687A5 /* ContentView.swift */,
				D1C3DA8C2C33412D002687A5 /* Assets.xcassets */,
				D1C3DA8E2C33412D002687A5 /* Recipes.entitlements */,
				D1C3DA8F2C33412D002687A5 /* Preview Content */,
			);
			path = Recipes;
			sourceTree = "<group>";
		};
		D1C3DA8F2C33412D002687A5 /* Preview Content */ = {
			isa = PBXGroup;
			children = (
				D1C3DA902C33412D002687A5 /* Preview Assets.xcassets */,
			);
			path = "Preview Content";
			sourceTree = "<group>";
		};
		D1C3DA992C33412E002687A5 /* RecipesTests */ = {
			isa = PBXGroup;
			children = (
				D1C3DA9A2C33412E002687A5 /* RecipesTests.swift */,
			);
			path = RecipesTests;
			sourceTree = "<group>";
		};
		D1C3DAA32C33412E002687A5 /* RecipesUITests */ = {
			isa = PBXGroup;
			children = (
				D1C3DAA42C33412E002687A5 /* RecipesUITests.swift */,
				D1C3DAA62C33412E002687A5 /* RecipesUITestsLaunchTests.swift */,
			);
			path = RecipesUITests;
			sourceTree = "<group>";
		};
		D1C3DAB32C334240002687A5 /* Model */ = {
			isa = PBXGroup;
			children = (
				D1C3DAC52C337958002687A5 /* Meal.swift */,
				D1C3DAC72C337976002687A5 /* MealDetail.swift */,
			);
			path = Model;
			sourceTree = "<group>";
		};
		D1C3DAB42C33424C002687A5 /* ViewModel */ = {
			isa = PBXGroup;
			children = (
				D1C3DAC92C33799B002687A5 /* RecipeViewModel.swift */,
			);
			path = ViewModel;
			sourceTree = "<group>";
		};
		D1C3DAB52C334258002687A5 /* View */ = {
			isa = PBXGroup;
			children = (
				D1C3DACB2C3379B5002687A5 /* MealListView.swift */,
				D1C3DACD2C3379D2002687A5 /* MealDetailView.swift */,
			);
			path = View;
			sourceTree = "<group>";
		};
		D1C3DAB62C334263002687A5 /* Services */ = {
			isa = PBXGroup;
			children = (
				D1C3DAC02C3342FC002687A5 /* APIservice.swift */,
			);
			path = Services;
			sourceTree = "<group>";
		};
/* End PBXGroup section */

/* Begin PBXNativeTarget section */
		D1C3DA842C33412B002687A5 /* Recipes */ = {
			isa = PBXNativeTarget;
			buildConfigurationList = D1C3DAAA2C33412E002687A5 /* Build configuration list for PBXNativeTarget "Recipes" */;
			buildPhases = (
				D1C3DA812C33412B002687A5 /* Sources */,
				D1C3DA822C33412B002687A5 /* Frameworks */,
				D1C3DA832C33412B002687A5 /* Resources */,
			);
			buildRules = (
			);
			dependencies = (
			);
			name = Recipes;
			productName = Recipes;
			productReference = D1C3DA852C33412B002687A5 /* Recipes.app */;
			productType = "com.apple.product-type.application";
		};
		D1C3DA952C33412E002687A5 /* RecipesTests */ = {
			isa = PBXNativeTarget;
			buildConfigurationList = D1C3DAAD2C33412E002687A5 /* Build configuration list for PBXNativeTarget "RecipesTests" */;
			buildPhases = (
				D1C3DA922C33412E002687A5 /* Sources */,
				D1C3DA932C33412E002687A5 /* Frameworks */,
				D1C3DA942C33412E002687A5 /* Resources */,
			);
			buildRules = (
			);
			dependencies = (
				D1C3DA982C33412E002687A5 /* PBXTargetDependency */,
			);
			name = RecipesTests;
			productName = RecipesTests;
			productReference = D1C3DA962C33412E002687A5 /* RecipesTests.xctest */;
			productType = "com.apple.product-type.bundle.unit-test";
		};
		D1C3DA9F2C33412E002687A5 /* RecipesUITests */ = {
			isa = PBXNativeTarget;
			buildConfigurationList = D1C3DAB02C33412E002687A5 /* Build configuration list for PBXNativeTarget "RecipesUITests" */;
			buildPhases = (
				D1C3DA9C2C33412E002687A5 /* Sources */,
				D1C3DA9D2C33412E002687A5 /* Frameworks */,
				D1C3DA9E2C33412E002687A5 /* Resources */,
			);
			buildRules = (
			);
			dependencies = (
				D1C3DAA22C33412E002687A5 /* PBXTargetDependency */,
			);
			name = RecipesUITests;
			productName = RecipesUITests;
			productReference = D1C3DAA02C33412E002687A5 /* RecipesUITests.xctest */;
			productType = "com.apple.product-type.bundle.ui-testing";
		};
/* End PBXNativeTarget section */

/* Begin PBXProject section */
		D1C3DA7D2C33412B002687A5 /* Project object */ = {
			isa = PBXProject;
			attributes = {
				BuildIndependentTargetsInParallel = 1;
				LastSwiftUpdateCheck = 1430;
				LastUpgradeCheck = 1430;
				TargetAttributes = {
					D1C3DA842C33412B002687A5 = {
						CreatedOnToolsVersion = 14.3.1;
					};
					D1C3DA952C33412E002687A5 = {
						CreatedOnToolsVersion = 14.3.1;
						TestTargetID = D1C3DA842C33412B002687A5;
					};
					D1C3DA9F2C33412E002687A5 = {
						CreatedOnToolsVersion = 14.3.1;
						TestTargetID = D1C3DA842C33412B002687A5;
					};
				};
			};
			buildConfigurationList = D1C3DA802C33412B002687A5 /* Build configuration list for PBXProject "Recipes" */;
			compatibilityVersion = "Xcode 14.0";
			developmentRegion = en;
			hasScannedForEncodings = 0;
			knownRegions = (
				en,
				Base,
			);
			mainGroup = D1C3DA7C2C33412B002687A5;
			productRefGroup = D1C3DA862C33412B002687A5 /* Products */;
			projectDirPath = "";
			projectRoot = "";
			targets = (
				D1C3DA842C33412B002687A5 /* Recipes */,
				D1C3DA952C33412E002687A5 /* RecipesTests */,
				D1C3DA9F2C33412E002687A5 /* RecipesUITests */,
			);
		};
/* End PBXProject section */

/* Begin PBXResourcesBuildPhase section */
		D1C3DA832C33412B002687A5 /* Resources */ = {
			isa = PBXResourcesBuildPhase;
			buildActionMask = 2147483647;
			files = (
				D1C3DA912C33412D002687A5 /* Preview Assets.xcassets in Resources */,
				D1C3DA8D2C33412D002687A5 /* Assets.xcassets in Resources */,
				D1C3DAD02C3387CC002687A5 /* Readme.md in Resources */,
			);
			runOnlyForDeploymentPostprocessing = 0;
		};
		D1C3DA942C33412E002687A5 /* Resources */ = {
			isa = PBXResourcesBuildPhase;
			buildActionMask = 2147483647;
			files = (
			);
			runOnlyForDeploymentPostprocessing = 0;
		};
		D1C3DA9E2C33412E002687A5 /* Resources */ = {
			isa = PBXResourcesBuildPhase;
			buildActionMask = 2147483647;
			files = (
			);
			runOnlyForDeploymentPostprocessing = 0;
		};
/* End PBXResourcesBuildPhase section */

/* Begin PBXSourcesBuildPhase section */
		D1C3DA812C33412B002687A5 /* Sources */ = {
			isa = PBXSourcesBuildPhase;
			buildActionMask = 2147483647;
			files = (
				D1C3DAC62C337958002687A5 /* Meal.swift in Sources */,
				D1C3DA8B2C33412B002687A5 /* ContentView.swift in Sources */,
				D1C3DAC82C337976002687A5 /* MealDetail.swift in Sources */,
				D1C3DA892C33412B002687A5 /* RecipesApp.swift in Sources */,
				D1C3DACE2C3379D2002687A5 /* MealDetailView.swift in Sources */,
				D1C3DACA2C33799B002687A5 /* RecipeViewModel.swift in Sources */,
				D1C3DACC2C3379B5002687A5 /* MealListView.swift in Sources */,
				D1C3DAC12C3342FC002687A5 /* APIservice.swift in Sources */,
			);
			runOnlyForDeploymentPostprocessing = 0;
		};
		D1C3DA922C33412E002687A5 /* Sources */ = {
			isa = PBXSourcesBuildPhase;
			buildActionMask = 2147483647;
			files = (
				D1C3DA9B2C33412E002687A5 /* RecipesTests.swift in Sources */,
			);
			runOnlyForDeploymentPostprocessing = 0;
		};
		D1C3DA9C2C33412E002687A5 /* Sources */ = {
			isa = PBXSourcesBuildPhase;
			buildActionMask = 2147483647;
			files = (
				D1C3DAA72C33412E002687A5 /* RecipesUITestsLaunchTests.swift in Sources */,
				D1C3DAA52C33412E002687A5 /* RecipesUITests.swift in Sources */,
			);
			runOnlyForDeploymentPostprocessing = 0;
		};
/* End PBXSourcesBuildPhase section */

/* Begin PBXTargetDependency section */
		D1C3DA982C33412E002687A5 /* PBXTargetDependency */ = {
			isa = PBXTargetDependency;
			target = D1C3DA842C33412B002687A5 /* Recipes */;
			targetProxy = D1C3DA972C33412E002687A5 /* PBXContainerItemProxy */;
		};
		D1C3DAA22C33412E002687A5 /* PBXTargetDependency */ = {
			isa = PBXTargetDependency;
			target = D1C3DA842C33412B002687A5 /* Recipes */;
			targetProxy = D1C3DAA12C33412E002687A5 /* PBXContainerItemProxy */;
		};
/* End PBXTargetDependency section */

/* Begin XCBuildConfiguration section */
		D1C3DAA82C33412E002687A5 /* Debug */ = {
			isa = XCBuildConfiguration;
			buildSettings = {
				ALWAYS_SEARCH_USER_PATHS = NO;
				CLANG_ANALYZER_NONNULL = YES;
				CLANG_ANALYZER_NUMBER_OBJECT_CONVERSION = YES_AGGRESSIVE;
				CLANG_CXX_LANGUAGE_STANDARD = "gnu++20";
				CLANG_ENABLE_MODULES = YES;
				CLANG_ENABLE_OBJC_ARC = YES;
				CLANG_ENABLE_OBJC_WEAK = YES;
				CLANG_WARN_BLOCK_CAPTURE_AUTORELEASING = YES;
				CLANG_WARN_BOOL_CONVERSION = YES;
				CLANG_WARN_COMMA = YES;
				CLANG_WARN_CONSTANT_CONVERSION = YES;
				CLANG_WARN_DEPRECATED_OBJC_IMPLEMENTATIONS = YES;
				CLANG_WARN_DIRECT_OBJC_ISA_USAGE = YES_ERROR;
				CLANG_WARN_DOCUMENTATION_COMMENTS = YES;
				CLANG_WARN_EMPTY_BODY = YES;
				CLANG_WARN_ENUM_CONVERSION = YES;
				CLANG_WARN_INFINITE_RECURSION = YES;
				CLANG_WARN_INT_CONVERSION = YES;
				CLANG_WARN_NON_LITERAL_NULL_CONVERSION = YES;
				CLANG_WARN_OBJC_IMPLICIT_RETAIN_SELF = YES;
				CLANG_WARN_OBJC_LITERAL_CONVERSION = YES;
				CLANG_WARN_OBJC_ROOT_CLASS = YES_ERROR;
				CLANG_WARN_QUOTED_INCLUDE_IN_FRAMEWORK_HEADER = YES;
				CLANG_WARN_RANGE_LOOP_ANALYSIS = YES;
				CLANG_WARN_STRICT_PROTOTYPES = YES;
				CLANG_WARN_SUSPICIOUS_MOVE = YES;
				CLANG_WARN_UNGUARDED_AVAILABILITY = YES_AGGRESSIVE;
				CLANG_WARN_UNREACHABLE_CODE = YES;
				CLANG_WARN__DUPLICATE_METHOD_MATCH = YES;
				COPY_PHASE_STRIP = NO;
				DEBUG_INFORMATION_FORMAT = dwarf;
				ENABLE_STRICT_OBJC_MSGSEND = YES;
				ENABLE_TESTABILITY = YES;
				GCC_C_LANGUAGE_STANDARD = gnu11;
				GCC_DYNAMIC_NO_PIC = NO;
				GCC_NO_COMMON_BLOCKS = YES;
				GCC_OPTIMIZATION_LEVEL = 0;
				GCC_PREPROCESSOR_DEFINITIONS = (
					"DEBUG=1",
					"$(inherited)",
				);
				GCC_WARN_64_TO_32_BIT_CONVERSION = YES;
				GCC_WARN_ABOUT_RETURN_TYPE = YES_ERROR;
				GCC_WARN_UNDECLARED_SELECTOR = YES;
				GCC_WARN_UNINITIALIZED_AUTOS = YES_AGGRESSIVE;
				GCC_WARN_UNUSED_FUNCTION = YES;
				GCC_WARN_UNUSED_VARIABLE = YES;
				MTL_ENABLE_DEBUG_INFO = INCLUDE_SOURCE;
				MTL_FAST_MATH = YES;
				ONLY_ACTIVE_ARCH = YES;
				SWIFT_ACTIVE_COMPILATION_CONDITIONS = DEBUG;
				SWIFT_OPTIMIZATION_LEVEL = "-Onone";
			};
			name = Debug;
		};
		D1C3DAA92C33412E002687A5 /* Release */ = {
			isa = XCBuildConfiguration;
			buildSettings = {
				ALWAYS_SEARCH_USER_PATHS = NO;
				CLANG_ANALYZER_NONNULL = YES;
				CLANG_ANALYZER_NUMBER_OBJECT_CONVERSION = YES_AGGRESSIVE;
				CLANG_CXX_LANGUAGE_STANDARD = "gnu++20";
				CLANG_ENABLE_MODULES = YES;
				CLANG_ENABLE_OBJC_ARC = YES;
				CLANG_ENABLE_OBJC_WEAK = YES;
				CLANG_WARN_BLOCK_CAPTURE_AUTORELEASING = YES;
				CLANG_WARN_BOOL_CONVERSION = YES;
				CLANG_WARN_COMMA = YES;
				CLANG_WARN_CONSTANT_CONVERSION = YES;
				CLANG_WARN_DEPRECATED_OBJC_IMPLEMENTATIONS = YES;
				CLANG_WARN_DIRECT_OBJC_ISA_USAGE = YES_ERROR;
				CLANG_WARN_DOCUMENTATION_COMMENTS = YES;
				CLANG_WARN_EMPTY_BODY = YES;
				CLANG_WARN_ENUM_CONVERSION = YES;
				CLANG_WARN_INFINITE_RECURSION = YES;
				CLANG_WARN_INT_CONVERSION = YES;
				CLANG_WARN_NON_LITERAL_NULL_CONVERSION = YES;
				CLANG_WARN_OBJC_IMPLICIT_RETAIN_SELF = YES;
				CLANG_WARN_OBJC_LITERAL_CONVERSION = YES;
				CLANG_WARN_OBJC_ROOT_CLASS = YES_ERROR;
				CLANG_WARN_QUOTED_INCLUDE_IN_FRAMEWORK_HEADER = YES;
				CLANG_WARN_RANGE_LOOP_ANALYSIS = YES;
				CLANG_WARN_STRICT_PROTOTYPES = YES;
				CLANG_WARN_SUSPICIOUS_MOVE = YES;
				CLANG_WARN_UNGUARDED_AVAILABILITY = YES_AGGRESSIVE;
				CLANG_WARN_UNREACHABLE_CODE = YES;
				CLANG_WARN__DUPLICATE_METHOD_MATCH = YES;
				COPY_PHASE_STRIP = NO;
				DEBUG_INFORMATION_FORMAT = "dwarf-with-dsym";
				ENABLE_NS_ASSERTIONS = NO;
				ENABLE_STRICT_OBJC_MSGSEND = YES;
				GCC_C_LANGUAGE_STANDARD = gnu11;
				GCC_NO_COMMON_BLOCKS = YES;
				GCC_WARN_64_TO_32_BIT_CONVERSION = YES;
				GCC_WARN_ABOUT_RETURN_TYPE = YES_ERROR;
				GCC_WARN_UNDECLARED_SELECTOR = YES;
				GCC_WARN_UNINITIALIZED_AUTOS = YES_AGGRESSIVE;
				GCC_WARN_UNUSED_FUNCTION = YES;
				GCC_WARN_UNUSED_VARIABLE = YES;
				MTL_ENABLE_DEBUG_INFO = NO;
				MTL_FAST_MATH = YES;
				SWIFT_COMPILATION_MODE = wholemodule;
				SWIFT_OPTIMIZATION_LEVEL = "-O";
			};
			name = Release;
		};
		D1C3DAAB2C33412E002687A5 /* Debug */ = {
			isa = XCBuildConfiguration;
			buildSettings = {
				ASSETCATALOG_COMPILER_APPICON_NAME = AppIcon;
				ASSETCATALOG_COMPILER_GLOBAL_ACCENT_COLOR_NAME = AccentColor;
				CODE_SIGN_ENTITLEMENTS = Recipes/Recipes.entitlements;
				CODE_SIGN_STYLE = Automatic;
				CURRENT_PROJECT_VERSION = 1;
				DEVELOPMENT_ASSET_PATHS = "\"Recipes/Preview Content\"";
				ENABLE_PREVIEWS = YES;
				GENERATE_INFOPLIST_FILE = YES;
				"INFOPLIST_KEY_UIApplicationSceneManifest_Generation[sdk=iphoneos*]" = YES;
				"INFOPLIST_KEY_UIApplicationSceneManifest_Generation[sdk=iphonesimulator*]" = YES;
				"INFOPLIST_KEY_UIApplicationSupportsIndirectInputEvents[sdk=iphoneos*]" = YES;
				"INFOPLIST_KEY_UIApplicationSupportsIndirectInputEvents[sdk=iphonesimulator*]" = YES;
				"INFOPLIST_KEY_UILaunchScreen_Generation[sdk=iphoneos*]" = YES;
				"INFOPLIST_KEY_UILaunchScreen_Generation[sdk=iphonesimulator*]" = YES;
				"INFOPLIST_KEY_UIStatusBarStyle[sdk=iphoneos*]" = UIStatusBarStyleDefault;
				"INFOPLIST_KEY_UIStatusBarStyle[sdk=iphonesimulator*]" = UIStatusBarStyleDefault;
				INFOPLIST_KEY_UISupportedInterfaceOrientations_iPad = "UIInterfaceOrientationPortrait UIInterfaceOrientationPortraitUpsideDown UIInterfaceOrientationLandscapeLeft UIInterfaceOrientationLandscapeRight";
				INFOPLIST_KEY_UISupportedInterfaceOrientations_iPhone = "UIInterfaceOrientationPortrait UIInterfaceOrientationLandscapeLeft UIInterfaceOrientationLandscapeRight";
				IPHONEOS_DEPLOYMENT_TARGET = 16.4;
				LD_RUNPATH_SEARCH_PATHS = "@executable_path/Frameworks";
				"LD_RUNPATH_SEARCH_PATHS[sdk=macosx*]" = "@executable_path/../Frameworks";
				MACOSX_DEPLOYMENT_TARGET = 13.3;
				MARKETING_VERSION = 1.0;
				PRODUCT_BUNDLE_IDENTIFIER = sl.Recipes;
				PRODUCT_NAME = "$(TARGET_NAME)";
				SDKROOT = auto;
				SUPPORTED_PLATFORMS = "iphoneos iphonesimulator macosx";
				SWIFT_EMIT_LOC_STRINGS = YES;
				SWIFT_VERSION = 5.0;
				TARGETED_DEVICE_FAMILY = "1,2";
			};
			name = Debug;
		};
		D1C3DAAC2C33412E002687A5 /* Release */ = {
			isa = XCBuildConfiguration;
			buildSettings = {
				ASSETCATALOG_COMPILER_APPICON_NAME = AppIcon;
				ASSETCATALOG_COMPILER_GLOBAL_ACCENT_COLOR_NAME = AccentColor;
				CODE_SIGN_ENTITLEMENTS = Recipes/Recipes.entitlements;
				CODE_SIGN_STYLE = Automatic;
				CURRENT_PROJECT_VERSION = 1;
				DEVELOPMENT_ASSET_PATHS = "\"Recipes/Preview Content\"";
				ENABLE_PREVIEWS = YES;
				GENERATE_INFOPLIST_FILE = YES;
				"INFOPLIST_KEY_UIApplicationSceneManifest_Generation[sdk=iphoneos*]" = YES;
				"INFOPLIST_KEY_UIApplicationSceneManifest_Generation[sdk=iphonesimulator*]" = YES;
				"INFOPLIST_KEY_UIApplicationSupportsIndirectInputEvents[sdk=iphoneos*]" = YES;
				"INFOPLIST_KEY_UIApplicationSupportsIndirectInputEvents[sdk=iphonesimulator*]" = YES;
				"INFOPLIST_KEY_UILaunchScreen_Generation[sdk=iphoneos*]" = YES;
				"INFOPLIST_KEY_UILaunchScreen_Generation[sdk=iphonesimulator*]" = YES;
				"INFOPLIST_KEY_UIStatusBarStyle[sdk=iphoneos*]" = UIStatusBarStyleDefault;
				"INFOPLIST_KEY_UIStatusBarStyle[sdk=iphonesimulator*]" = UIStatusBarStyleDefault;
				INFOPLIST_KEY_UISupportedInterfaceOrientations_iPad = "UIInterfaceOrientationPortrait UIInterfaceOrientationPortraitUpsideDown UIInterfaceOrientationLandscapeLeft UIInterfaceOrientationLandscapeRight";
				INFOPLIST_KEY_UISupportedInterfaceOrientations_iPhone = "UIInterfaceOrientationPortrait UIInterfaceOrientationLandscapeLeft UIInterfaceOrientationLandscapeRight";
				IPHONEOS_DEPLOYMENT_TARGET = 16.4;
				LD_RUNPATH_SEARCH_PATHS = "@executable_path/Frameworks";
				"LD_RUNPATH_SEARCH_PATHS[sdk=macosx*]" = "@executable_path/../Frameworks";
				MACOSX_DEPLOYMENT_TARGET = 13.3;
				MARKETING_VERSION = 1.0;
				PRODUCT_BUNDLE_IDENTIFIER = sl.Recipes;
				PRODUCT_NAME = "$(TARGET_NAME)";
				SDKROOT = auto;
				SUPPORTED_PLATFORMS = "iphoneos iphonesimulator macosx";
				SWIFT_EMIT_LOC_STRINGS = YES;
				SWIFT_VERSION = 5.0;
				TARGETED_DEVICE_FAMILY = "1,2";
			};
			name = Release;
		};
		D1C3DAAE2C33412E002687A5 /* Debug */ = {
			isa = XCBuildConfiguration;
			buildSettings = {
				ALWAYS_EMBED_SWIFT_STANDARD_LIBRARIES = YES;
				BUNDLE_LOADER = "$(TEST_HOST)";
				CODE_SIGN_STYLE = Automatic;
				CURRENT_PROJECT_VERSION = 1;
				GENERATE_INFOPLIST_FILE = YES;
				IPHONEOS_DEPLOYMENT_TARGET = 16.4;
				MACOSX_DEPLOYMENT_TARGET = 13.3;
				MARKETING_VERSION = 1.0;
				PRODUCT_BUNDLE_IDENTIFIER = sl.RecipesTests;
				PRODUCT_NAME = "$(TARGET_NAME)";
				SDKROOT = auto;
				SUPPORTED_PLATFORMS = "iphoneos iphonesimulator macosx";
				SWIFT_EMIT_LOC_STRINGS = NO;
				SWIFT_VERSION = 5.0;
				TARGETED_DEVICE_FAMILY = "1,2";
				TEST_HOST = "$(BUILT_PRODUCTS_DIR)/Recipes.app/$(BUNDLE_EXECUTABLE_FOLDER_PATH)/Recipes";
			};
			name = Debug;
		};
		D1C3DAAF2C33412E002687A5 /* Release */ = {
			isa = XCBuildConfiguration;
			buildSettings = {
				ALWAYS_EMBED_SWIFT_STANDARD_LIBRARIES = YES;
				BUNDLE_LOADER = "$(TEST_HOST)";
				CODE_SIGN_STYLE = Automatic;
				CURRENT_PROJECT_VERSION = 1;
				GENERATE_INFOPLIST_FILE = YES;
				IPHONEOS_DEPLOYMENT_TARGET = 16.4;
				MACOSX_DEPLOYMENT_TARGET = 13.3;
				MARKETING_VERSION = 1.0;
				PRODUCT_BUNDLE_IDENTIFIER = sl.RecipesTests;
				PRODUCT_NAME = "$(TARGET_NAME)";
				SDKROOT = auto;
				SUPPORTED_PLATFORMS = "iphoneos iphonesimulator macosx";
				SWIFT_EMIT_LOC_STRINGS = NO;
				SWIFT_VERSION = 5.0;
				TARGETED_DEVICE_FAMILY = "1,2";
				TEST_HOST = "$(BUILT_PRODUCTS_DIR)/Recipes.app/$(BUNDLE_EXECUTABLE_FOLDER_PATH)/Recipes";
			};
			name = Release;
		};
		D1C3DAB12C33412E002687A5 /* Debug */ = {
			isa = XCBuildConfiguration;
			buildSettings = {
				ALWAYS_EMBED_SWIFT_STANDARD_LIBRARIES = YES;
				CODE_SIGN_STYLE = Automatic;
				CURRENT_PROJECT_VERSION = 1;
				GENERATE_INFOPLIST_FILE = YES;
				IPHONEOS_DEPLOYMENT_TARGET = 16.4;
				MACOSX_DEPLOYMENT_TARGET = 13.3;
				MARKETING_VERSION = 1.0;
				PRODUCT_BUNDLE_IDENTIFIER = sl.RecipesUITests;
				PRODUCT_NAME = "$(TARGET_NAME)";
				SDKROOT = auto;
				SUPPORTED_PLATFORMS = "iphoneos iphonesimulator macosx";
				SWIFT_EMIT_LOC_STRINGS = NO;
				SWIFT_VERSION = 5.0;
				TARGETED_DEVICE_FAMILY = "1,2";
				TEST_TARGET_NAME = Recipes;
			};
			name = Debug;
		};
		D1C3DAB22C33412E002687A5 /* Release */ = {
			isa = XCBuildConfiguration;
			buildSettings = {
				ALWAYS_EMBED_SWIFT_STANDARD_LIBRARIES = YES;
				CODE_SIGN_STYLE = Automatic;
				CURRENT_PROJECT_VERSION = 1;
				GENERATE_INFOPLIST_FILE = YES;
				IPHONEOS_DEPLOYMENT_TARGET = 16.4;
				MACOSX_DEPLOYMENT_TARGET = 13.3;
				MARKETING_VERSION = 1.0;
				PRODUCT_BUNDLE_IDENTIFIER = sl.RecipesUITests;
				PRODUCT_NAME = "$(TARGET_NAME)";
				SDKROOT = auto;
				SUPPORTED_PLATFORMS = "iphoneos iphonesimulator macosx";
				SWIFT_EMIT_LOC_STRINGS = NO;
				SWIFT_VERSION = 5.0;
				TARGETED_DEVICE_FAMILY = "1,2";
				TEST_TARGET_NAME = Recipes;
			};
			name = Release;
		};
/* End XCBuildConfiguration section */

/* Begin XCConfigurationList section */
		D1C3DA802C33412B002687A5 /* Build configuration list for PBXProject "Recipes" */ = {
			isa = XCConfigurationList;
			buildConfigurations = (
				D1C3DAA82C33412E002687A5 /* Debug */,
				D1C3DAA92C33412E002687A5 /* Release */,
			);
			defaultConfigurationIsVisible = 0;
			defaultConfigurationName = Release;
		};
		D1C3DAAA2C33412E002687A5 /* Build configuration list for PBXNativeTarget "Recipes" */ = {
			isa = XCConfigurationList;
			buildConfigurations = (
				D1C3DAAB2C33412E002687A5 /* Debug */,
				D1C3DAAC2C33412E002687A5 /* Release */,
			);
			defaultConfigurationIsVisible = 0;
			defaultConfigurationName = Release;
		};
		D1C3DAAD2C33412E002687A5 /* Build configuration list for PBXNativeTarget "RecipesTests" */ = {
			isa = XCConfigurationList;
			buildConfigurations = (
				D1C3DAAE2C33412E002687A5 /* Debug */,
				D1C3DAAF2C33412E002687A5 /* Release */,
			);
			defaultConfigurationIsVisible = 0;
			defaultConfigurationName = Release;
		};
		D1C3DAB02C33412E002687A5 /* Build configuration list for PBXNativeTarget "RecipesUITests" */ = {
			isa = XCConfigurationList;
			buildConfigurations = (
				D1C3DAB12C33412E002687A5 /* Debug */,
				D1C3DAB22C33412E002687A5 /* Release */,
			);
			defaultConfigurationIsVisible = 0;
			defaultConfigurationName = Release;
		};
/* End XCConfigurationList section */
	};
	rootObject = D1C3DA7D2C33412B002687A5 /* Project object */;
}
